
Microsoft Visual Studio Solution File, Format Version 12.00
# Visual Studio Version 16
VisualStudioVersion = 16.0.32228.343
MinimumVisualStudioVersion = 10.0.40219.1
Project("{FAE04EC0-301F-11D3-BF4B-00C04F79EFBC}") = "WpfApp2", "WpfApp2\WpfApp2.csproj", "{31506616-35B4-4E7F-94C3-BEAE0BECD559}"
EndProject
Project("{FAE04EC0-301F-11D3-BF4B-00C04F79EFBC}") = "onstartup", "onstartup\onstartup.csproj", "{865E95D2-80B5-4B81-9348-E474BA96C3FB}"
EndProject
Global
	GlobalSection(SolutionConfigurationPlatforms) = preSolution
		Debug|Any CPU = Debug|Any CPU
		Release|Any CPU = Release|Any CPU
	EndGlobalSection
	GlobalSection(ProjectConfigurationPlatforms) = postSolution
		{31506616-35B4-4E7F-94C3-BEAE0BECD559}.Debug|Any CPU.ActiveCfg = Debug|Any CPU
		{31506616-35B4-4E7F-94C3-BEAE0BECD559}.Debug|Any CPU.Build.0 = Debug|Any CPU
		{31506616-35B4-4E7F-94C3-BEAE0BECD559}.Release|Any CPU.ActiveCfg = Release|Any CPU
		{31506616-35B4-4E7F-94C3-BEAE0BECD559}.Release|Any CPU.Build.0 = Release|Any CPU
		{865E95D2-80B5-4B81-9348-E474BA96C3FB}.Debug|Any CPU.ActiveCfg = Debug|Any CPU
		{865E95D2-80B5-4B81-9348-E474BA96C3FB}.Debug|Any CPU.Build.0 = Debug|Any CPU
		{865E95D2-80B5-4B81-9348-E474BA96C3FB}.Release|Any CPU.ActiveCfg = Release|Any CPU
		{865E95D2-80B5-4B81-9348-E474BA96C3FB}.Release|Any CPU.Build.0 = Release|Any CPU
	EndGlobalSection
	GlobalSection(SolutionProperties) = preSolution
		HideSolutionNode = FALSE
	EndGlobalSection
	GlobalSection(ExtensibilityGlobals) = postSolution
		SolutionGuid = {49F4BEC5-76B4-46C9-87C6-A814BC4F849E}
	EndGlobalSection
EndGlobal
